
Microsoft Visual Studio Solution File, Format Version 12.00
# Visual Studio Version 16
VisualStudioVersion = 16.0.30804.86
MinimumVisualStudioVersion = 10.0.40219.1
Project("{FAE04EC0-301F-11D3-BF4B-00C04F79EFBC}") = "MatrixLab", "MatrixLab\MatrixLab.csproj", "{FFDF0F37-A3EE-4637-A8A9-0937B472049C}"
EndProject
Global
	GlobalSection(SolutionConfigurationPlatforms) = preSolution
		Debug|Any CPU = Debug|Any CPU
		Release|Any CPU = Release|Any CPU
	EndGlobalSection
	GlobalSection(ProjectConfigurationPlatforms) = postSolution
		{FFDF0F37-A3EE-4637-A8A9-0937B472049C}.Debug|Any CPU.ActiveCfg = Debug|Any CPU
		{FFDF0F37-A3EE-4637-A8A9-0937B472049C}.Debug|Any CPU.Build.0 = Debug|Any CPU
		{FFDF0F37-A3EE-4637-A8A9-0937B472049C}.Release|Any CPU.ActiveCfg = Release|Any CPU
		{FFDF0F37-A3EE-4637-A8A9-0937B472049C}.Release|Any CPU.Build.0 = Release|Any CPU
	EndGlobalSection
	GlobalSection(SolutionProperties) = preSolution
		HideSolutionNode = FALSE
	EndGlobalSection
	GlobalSection(ExtensibilityGlobals) = postSolution
		SolutionGuid = {F182D91C-CA7A-433B-9F93-18894B712380}
	EndGlobalSection
EndGlobal
